
Microsoft Visual Studio Solution File, Format Version 12.00
# Visual Studio Version 17
VisualStudioVersion = 17.0.32002.185
MinimumVisualStudioVersion = 10.0.40219.1
Project("{9A19103F-16F7-4668-BE54-9A1E7A4F7556}") = "WordGenerator.Business", "WordGenerator.Business\WordGenerator.Business.csproj", "{4522A8DA-D9AF-4EEA-A1A0-C235B029F34C}"
EndProject
Project("{FAE04EC0-301F-11D3-BF4B-00C04F79EFBC}") = "WordGenerator.Tests", "WordGenerator.Tests\WordGenerator.Tests.csproj", "{5A21086E-0E4C-4233-A332-1D9C0322B509}"
EndProject
Global
	GlobalSection(SolutionConfigurationPlatforms) = preSolution
		Debug|Any CPU = Debug|Any CPU
		Release|Any CPU = Release|Any CPU
	EndGlobalSection
	GlobalSection(ProjectConfigurationPlatforms) = postSolution
		{4522A8DA-D9AF-4EEA-A1A0-C235B029F34C}.Debug|Any CPU.ActiveCfg = Debug|Any CPU
		{4522A8DA-D9AF-4EEA-A1A0-C235B029F34C}.Debug|Any CPU.Build.0 = Debug|Any CPU
		{4522A8DA-D9AF-4EEA-A1A0-C235B029F34C}.Release|Any CPU.ActiveCfg = Release|Any CPU
		{4522A8DA-D9AF-4EEA-A1A0-C235B029F34C}.Release|Any CPU.Build.0 = Release|Any CPU
		{5A21086E-0E4C-4233-A332-1D9C0322B509}.Debug|Any CPU.ActiveCfg = Debug|Any CPU
		{5A21086E-0E4C-4233-A332-1D9C0322B509}.Debug|Any CPU.Build.0 = Debug|Any CPU
		{5A21086E-0E4C-4233-A332-1D9C0322B509}.Release|Any CPU.ActiveCfg = Release|Any CPU
		{5A21086E-0E4C-4233-A332-1D9C0322B509}.Release|Any CPU.Build.0 = Release|Any CPU
	EndGlobalSection
	GlobalSection(SolutionProperties) = preSolution
		HideSolutionNode = FALSE
	EndGlobalSection
	GlobalSection(ExtensibilityGlobals) = postSolution
		SolutionGuid = {EB7AAD11-5044-4096-8459-E7DD6E3F6E5E}
	EndGlobalSection
EndGlobal
